
Microsoft Visual Studio Solution File, Format Version 11.00
# Visual Studio 2010
Project("{F184B08F-C81C-45F6-A57F-5ABD9991F28F}") = "AGVBECON", "AGVBECON\AGVBECON.vbproj", "{B7470DE1-D91B-4517-9D72-399F00F04446}"
	ProjectSection(ProjectDependencies) = postProject
		{0F3F728F-DFA4-4817-8CB8-0F66168844FE} = {0F3F728F-DFA4-4817-8CB8-0F66168844FE}
		{8C1F2C90-6C10-4539-BBD5-06FE21D6FA83} = {8C1F2C90-6C10-4539-BBD5-06FE21D6FA83}
		{B5E13992-6621-4450-98F4-F5DD100381DE} = {B5E13992-6621-4450-98F4-F5DD100381DE}
		{18177BDE-0326-4D2E-8431-46F76E7E0158} = {18177BDE-0326-4D2E-8431-46F76E7E0158}
	EndProjectSection
EndProject
Project("{F184B08F-C81C-45F6-A57F-5ABD9991F28F}") = "AGVBECON.Web", "AGVBECON.Web\AGVBECON.Web.vbproj", "{646AA0E6-F5DD-4244-B770-05ED420471C4}"
	ProjectSection(ProjectDependencies) = postProject
		{B7470DE1-D91B-4517-9D72-399F00F04446} = {B7470DE1-D91B-4517-9D72-399F00F04446}
	EndProjectSection
EndProject
Project("{F184B08F-C81C-45F6-A57F-5ABD9991F28F}") = "AGVBE", "AGVBE\AGVBE.vbproj", "{B5E13992-6621-4450-98F4-F5DD100381DE}"
EndProject
Project("{F184B08F-C81C-45F6-A57F-5ABD9991F28F}") = "MSP2003", "MSP2003\MSP2003.vbproj", "{18177BDE-0326-4D2E-8431-46F76E7E0158}"
EndProject
Project("{F184B08F-C81C-45F6-A57F-5ABD9991F28F}") = "MSP2007", "MSP2007\MSP2007.vbproj", "{0F3F728F-DFA4-4817-8CB8-0F66168844FE}"
EndProject
Project("{F184B08F-C81C-45F6-A57F-5ABD9991F28F}") = "MSP2010", "MSP2010\MSP2010.vbproj", "{8C1F2C90-6C10-4539-BBD5-06FE21D6FA83}"
EndProject
Global
	GlobalSection(SolutionConfigurationPlatforms) = preSolution
		Debug|Any CPU = Debug|Any CPU
		Debug|Mixed Platforms = Debug|Mixed Platforms
		Debug|x86 = Debug|x86
		Release|Any CPU = Release|Any CPU
		Release|Mixed Platforms = Release|Mixed Platforms
		Release|x86 = Release|x86
		SCSCustomer|Any CPU = SCSCustomer|Any CPU
		SCSCustomer|Mixed Platforms = SCSCustomer|Mixed Platforms
		SCSCustomer|x86 = SCSCustomer|x86
		SCSDemo|Any CPU = SCSDemo|Any CPU
		SCSDemo|Mixed Platforms = SCSDemo|Mixed Platforms
		SCSDemo|x86 = SCSDemo|x86
	EndGlobalSection
	GlobalSection(ProjectConfigurationPlatforms) = postSolution
		{B7470DE1-D91B-4517-9D72-399F00F04446}.Debug|Any CPU.ActiveCfg = Debug|Any CPU
		{B7470DE1-D91B-4517-9D72-399F00F04446}.Debug|Any CPU.Build.0 = Debug|Any CPU
		{B7470DE1-D91B-4517-9D72-399F00F04446}.Debug|Mixed Platforms.ActiveCfg = Debug|Any CPU
		{B7470DE1-D91B-4517-9D72-399F00F04446}.Debug|Mixed Platforms.Build.0 = Debug|Any CPU
		{B7470DE1-D91B-4517-9D72-399F00F04446}.Debug|x86.ActiveCfg = Debug|Any CPU
		{B7470DE1-D91B-4517-9D72-399F00F04446}.Release|Any CPU.ActiveCfg = Release|Any CPU
		{B7470DE1-D91B-4517-9D72-399F00F04446}.Release|Any CPU.Build.0 = Release|Any CPU
		{B7470DE1-D91B-4517-9D72-399F00F04446}.Release|Mixed Platforms.ActiveCfg = Release|Any CPU
		{B7470DE1-D91B-4517-9D72-399F00F04446}.Release|Mixed Platforms.Build.0 = Release|Any CPU
		{B7470DE1-D91B-4517-9D72-399F00F04446}.Release|x86.ActiveCfg = Release|Any CPU
		{B7470DE1-D91B-4517-9D72-399F00F04446}.SCSCustomer|Any CPU.ActiveCfg = SCSCustomer|Any CPU
		{B7470DE1-D91B-4517-9D72-399F00F04446}.SCSCustomer|Any CPU.Build.0 = SCSCustomer|Any CPU
		{B7470DE1-D91B-4517-9D72-399F00F04446}.SCSCustomer|Mixed Platforms.ActiveCfg = SCSCustomer|Any CPU
		{B7470DE1-D91B-4517-9D72-399F00F04446}.SCSCustomer|Mixed Platforms.Build.0 = SCSCustomer|Any CPU
		{B7470DE1-D91B-4517-9D72-399F00F04446}.SCSCustomer|x86.ActiveCfg = SCSCustomer|Any CPU
		{B7470DE1-D91B-4517-9D72-399F00F04446}.SCSDemo|Any CPU.ActiveCfg = SCSDemo|Any CPU
		{B7470DE1-D91B-4517-9D72-399F00F04446}.SCSDemo|Any CPU.Build.0 = SCSDemo|Any CPU
		{B7470DE1-D91B-4517-9D72-399F00F04446}.SCSDemo|Mixed Platforms.ActiveCfg = SCSDemo|Any CPU
		{B7470DE1-D91B-4517-9D72-399F00F04446}.SCSDemo|Mixed Platforms.Build.0 = SCSDemo|Any CPU
		{B7470DE1-D91B-4517-9D72-399F00F04446}.SCSDemo|x86.ActiveCfg = SCSDemo|Any CPU
		{646AA0E6-F5DD-4244-B770-05ED420471C4}.Debug|Any CPU.ActiveCfg = Debug|Any CPU
		{646AA0E6-F5DD-4244-B770-05ED420471C4}.Debug|Any CPU.Build.0 = Debug|Any CPU
		{646AA0E6-F5DD-4244-B770-05ED420471C4}.Debug|Mixed Platforms.ActiveCfg = Debug|Any CPU
		{646AA0E6-F5DD-4244-B770-05ED420471C4}.Debug|Mixed Platforms.Build.0 = Debug|Any CPU
		{646AA0E6-F5DD-4244-B770-05ED420471C4}.Debug|x86.ActiveCfg = Debug|Any CPU
		{646AA0E6-F5DD-4244-B770-05ED420471C4}.Release|Any CPU.ActiveCfg = Release|Any CPU
		{646AA0E6-F5DD-4244-B770-05ED420471C4}.Release|Any CPU.Build.0 = Release|Any CPU
		{646AA0E6-F5DD-4244-B770-05ED420471C4}.Release|Mixed Platforms.ActiveCfg = Release|Any CPU
		{646AA0E6-F5DD-4244-B770-05ED420471C4}.Release|Mixed Platforms.Build.0 = Release|Any CPU
		{646AA0E6-F5DD-4244-B770-05ED420471C4}.Release|x86.ActiveCfg = Release|Any CPU
		{646AA0E6-F5DD-4244-B770-05ED420471C4}.SCSCustomer|Any CPU.ActiveCfg = SCSCustomer|Any CPU
		{646AA0E6-F5DD-4244-B770-05ED420471C4}.SCSCustomer|Any CPU.Build.0 = SCSCustomer|Any CPU
		{646AA0E6-F5DD-4244-B770-05ED420471C4}.SCSCustomer|Mixed Platforms.ActiveCfg = SCSCustomer|Any CPU
		{646AA0E6-F5DD-4244-B770-05ED420471C4}.SCSCustomer|Mixed Platforms.Build.0 = SCSCustomer|Any CPU
		{646AA0E6-F5DD-4244-B770-05ED420471C4}.SCSCustomer|x86.ActiveCfg = SCSCustomer|Any CPU
		{646AA0E6-F5DD-4244-B770-05ED420471C4}.SCSDemo|Any CPU.ActiveCfg = SCSDemo|Any CPU
		{646AA0E6-F5DD-4244-B770-05ED420471C4}.SCSDemo|Any CPU.Build.0 = SCSDemo|Any CPU
		{646AA0E6-F5DD-4244-B770-05ED420471C4}.SCSDemo|Mixed Platforms.ActiveCfg = SCSDemo|Any CPU
		{646AA0E6-F5DD-4244-B770-05ED420471C4}.SCSDemo|Mixed Platforms.Build.0 = SCSDemo|Any CPU
		{646AA0E6-F5DD-4244-B770-05ED420471C4}.SCSDemo|x86.ActiveCfg = SCSDemo|Any CPU
		{B5E13992-6621-4450-98F4-F5DD100381DE}.Debug|Any CPU.ActiveCfg = Debug|Any CPU
		{B5E13992-6621-4450-98F4-F5DD100381DE}.Debug|Any CPU.Build.0 = Debug|Any CPU
		{B5E13992-6621-4450-98F4-F5DD100381DE}.Debug|Mixed Platforms.ActiveCfg = Debug|Any CPU
		{B5E13992-6621-4450-98F4-F5DD100381DE}.Debug|Mixed Platforms.Build.0 = Debug|Any CPU
		{B5E13992-6621-4450-98F4-F5DD100381DE}.Debug|x86.ActiveCfg = Debug|Any CPU
		{B5E13992-6621-4450-98F4-F5DD100381DE}.Release|Any CPU.ActiveCfg = Release|Any CPU
		{B5E13992-6621-4450-98F4-F5DD100381DE}.Release|Any CPU.Build.0 = Release|Any CPU
		{B5E13992-6621-4450-98F4-F5DD100381DE}.Release|Mixed Platforms.ActiveCfg = Release|Any CPU
		{B5E13992-6621-4450-98F4-F5DD100381DE}.Release|Mixed Platforms.Build.0 = Release|Any CPU
		{B5E13992-6621-4450-98F4-F5DD100381DE}.Release|x86.ActiveCfg = Release|Any CPU
		{B5E13992-6621-4450-98F4-F5DD100381DE}.SCSCustomer|Any CPU.ActiveCfg = SCSCustomer|Any CPU
		{B5E13992-6621-4450-98F4-F5DD100381DE}.SCSCustomer|Any CPU.Build.0 = SCSCustomer|Any CPU
		{B5E13992-6621-4450-98F4-F5DD100381DE}.SCSCustomer|Mixed Platforms.ActiveCfg = SCSCustomer|Any CPU
		{B5E13992-6621-4450-98F4-F5DD100381DE}.SCSCustomer|Mixed Platforms.Build.0 = SCSCustomer|Any CPU
		{B5E13992-6621-4450-98F4-F5DD100381DE}.SCSCustomer|x86.ActiveCfg = SCSCustomer|Any CPU
		{B5E13992-6621-4450-98F4-F5DD100381DE}.SCSDemo|Any CPU.ActiveCfg = SCSDemo|Any CPU
		{B5E13992-6621-4450-98F4-F5DD100381DE}.SCSDemo|Any CPU.Build.0 = SCSDemo|Any CPU
		{B5E13992-6621-4450-98F4-F5DD100381DE}.SCSDemo|Mixed Platforms.ActiveCfg = SCSDemo|Any CPU
		{B5E13992-6621-4450-98F4-F5DD100381DE}.SCSDemo|Mixed Platforms.Build.0 = SCSDemo|Any CPU
		{B5E13992-6621-4450-98F4-F5DD100381DE}.SCSDemo|x86.ActiveCfg = SCSDemo|Any CPU
		{18177BDE-0326-4D2E-8431-46F76E7E0158}.Debug|Any CPU.ActiveCfg = Debug|Any CPU
		{18177BDE-0326-4D2E-8431-46F76E7E0158}.Debug|Any CPU.Build.0 = Debug|Any CPU
		{18177BDE-0326-4D2E-8431-46F76E7E0158}.Debug|Mixed Platforms.ActiveCfg = Debug|Any CPU
		{18177BDE-0326-4D2E-8431-46F76E7E0158}.Debug|Mixed Platforms.Build.0 = Debug|Any CPU
		{18177BDE-0326-4D2E-8431-46F76E7E0158}.Debug|x86.ActiveCfg = Debug|Any CPU
		{18177BDE-0326-4D2E-8431-46F76E7E0158}.Release|Any CPU.ActiveCfg = Release|Any CPU
		{18177BDE-0326-4D2E-8431-46F76E7E0158}.Release|Any CPU.Build.0 = Release|Any CPU
		{18177BDE-0326-4D2E-8431-46F76E7E0158}.Release|Mixed Platforms.ActiveCfg = Release|Any CPU
		{18177BDE-0326-4D2E-8431-46F76E7E0158}.Release|Mixed Platforms.Build.0 = Release|Any CPU
		{18177BDE-0326-4D2E-8431-46F76E7E0158}.Release|x86.ActiveCfg = Release|Any CPU
		{18177BDE-0326-4D2E-8431-46F76E7E0158}.SCSCustomer|Any CPU.ActiveCfg = Release|Any CPU
		{18177BDE-0326-4D2E-8431-46F76E7E0158}.SCSCustomer|Any CPU.Build.0 = Release|Any CPU
		{18177BDE-0326-4D2E-8431-46F76E7E0158}.SCSCustomer|Mixed Platforms.ActiveCfg = Release|Any CPU
		{18177BDE-0326-4D2E-8431-46F76E7E0158}.SCSCustomer|Mixed Platforms.Build.0 = Release|Any CPU
		{18177BDE-0326-4D2E-8431-46F76E7E0158}.SCSCustomer|x86.ActiveCfg = Release|Any CPU
		{18177BDE-0326-4D2E-8431-46F76E7E0158}.SCSDemo|Any CPU.ActiveCfg = Release|Any CPU
		{18177BDE-0326-4D2E-8431-46F76E7E0158}.SCSDemo|Any CPU.Build.0 = Release|Any CPU
		{18177BDE-0326-4D2E-8431-46F76E7E0158}.SCSDemo|Mixed Platforms.ActiveCfg = Release|Any CPU
		{18177BDE-0326-4D2E-8431-46F76E7E0158}.SCSDemo|Mixed Platforms.Build.0 = Release|Any CPU
		{18177BDE-0326-4D2E-8431-46F76E7E0158}.SCSDemo|x86.ActiveCfg = Release|Any CPU
		{0F3F728F-DFA4-4817-8CB8-0F66168844FE}.Debug|Any CPU.ActiveCfg = Debug|Any CPU
		{0F3F728F-DFA4-4817-8CB8-0F66168844FE}.Debug|Any CPU.Build.0 = Debug|Any CPU
		{0F3F728F-DFA4-4817-8CB8-0F66168844FE}.Debug|Mixed Platforms.ActiveCfg = Debug|Any CPU
		{0F3F728F-DFA4-4817-8CB8-0F66168844FE}.Debug|Mixed Platforms.Build.0 = Debug|Any CPU
		{0F3F728F-DFA4-4817-8CB8-0F66168844FE}.Debug|x86.ActiveCfg = Debug|Any CPU
		{0F3F728F-DFA4-4817-8CB8-0F66168844FE}.Release|Any CPU.ActiveCfg = Release|Any CPU
		{0F3F728F-DFA4-4817-8CB8-0F66168844FE}.Release|Any CPU.Build.0 = Release|Any CPU
		{0F3F728F-DFA4-4817-8CB8-0F66168844FE}.Release|Mixed Platforms.ActiveCfg = Release|Any CPU
		{0F3F728F-DFA4-4817-8CB8-0F66168844FE}.Release|Mixed Platforms.Build.0 = Release|Any CPU
		{0F3F728F-DFA4-4817-8CB8-0F66168844FE}.Release|x86.ActiveCfg = Release|Any CPU
		{0F3F728F-DFA4-4817-8CB8-0F66168844FE}.SCSCustomer|Any CPU.ActiveCfg = Release|Any CPU
		{0F3F728F-DFA4-4817-8CB8-0F66168844FE}.SCSCustomer|Any CPU.Build.0 = Release|Any CPU
		{0F3F728F-DFA4-4817-8CB8-0F66168844FE}.SCSCustomer|Mixed Platforms.ActiveCfg = Release|Any CPU
		{0F3F728F-DFA4-4817-8CB8-0F66168844FE}.SCSCustomer|Mixed Platforms.Build.0 = Release|Any CPU
		{0F3F728F-DFA4-4817-8CB8-0F66168844FE}.SCSCustomer|x86.ActiveCfg = Release|Any CPU
		{0F3F728F-DFA4-4817-8CB8-0F66168844FE}.SCSDemo|Any CPU.ActiveCfg = Release|Any CPU
		{0F3F728F-DFA4-4817-8CB8-0F66168844FE}.SCSDemo|Any CPU.Build.0 = Release|Any CPU
		{0F3F728F-DFA4-4817-8CB8-0F66168844FE}.SCSDemo|Mixed Platforms.ActiveCfg = Release|Any CPU
		{0F3F728F-DFA4-4817-8CB8-0F66168844FE}.SCSDemo|Mixed Platforms.Build.0 = Release|Any CPU
		{0F3F728F-DFA4-4817-8CB8-0F66168844FE}.SCSDemo|x86.ActiveCfg = Release|Any CPU
		{8C1F2C90-6C10-4539-BBD5-06FE21D6FA83}.Debug|Any CPU.ActiveCfg = Debug|Any CPU
		{8C1F2C90-6C10-4539-BBD5-06FE21D6FA83}.Debug|Any CPU.Build.0 = Debug|Any CPU
		{8C1F2C90-6C10-4539-BBD5-06FE21D6FA83}.Debug|Mixed Platforms.ActiveCfg = Debug|Any CPU
		{8C1F2C90-6C10-4539-BBD5-06FE21D6FA83}.Debug|Mixed Platforms.Build.0 = Debug|Any CPU
		{8C1F2C90-6C10-4539-BBD5-06FE21D6FA83}.Debug|x86.ActiveCfg = Debug|Any CPU
		{8C1F2C90-6C10-4539-BBD5-06FE21D6FA83}.Release|Any CPU.ActiveCfg = Release|Any CPU
		{8C1F2C90-6C10-4539-BBD5-06FE21D6FA83}.Release|Any CPU.Build.0 = Release|Any CPU
		{8C1F2C90-6C10-4539-BBD5-06FE21D6FA83}.Release|Mixed Platforms.ActiveCfg = Release|Any CPU
		{8C1F2C90-6C10-4539-BBD5-06FE21D6FA83}.Release|Mixed Platforms.Build.0 = Release|Any CPU
		{8C1F2C90-6C10-4539-BBD5-06FE21D6FA83}.Release|x86.ActiveCfg = Release|Any CPU
		{8C1F2C90-6C10-4539-BBD5-06FE21D6FA83}.SCSCustomer|Any CPU.ActiveCfg = Release|Any CPU
		{8C1F2C90-6C10-4539-BBD5-06FE21D6FA83}.SCSCustomer|Any CPU.Build.0 = Release|Any CPU
		{8C1F2C90-6C10-4539-BBD5-06FE21D6FA83}.SCSCustomer|Mixed Platforms.ActiveCfg = Release|Any CPU
		{8C1F2C90-6C10-4539-BBD5-06FE21D6FA83}.SCSCustomer|Mixed Platforms.Build.0 = Release|Any CPU
		{8C1F2C90-6C10-4539-BBD5-06FE21D6FA83}.SCSCustomer|x86.ActiveCfg = Release|Any CPU
		{8C1F2C90-6C10-4539-BBD5-06FE21D6FA83}.SCSDemo|Any CPU.ActiveCfg = Release|Any CPU
		{8C1F2C90-6C10-4539-BBD5-06FE21D6FA83}.SCSDemo|Any CPU.Build.0 = Release|Any CPU
		{8C1F2C90-6C10-4539-BBD5-06FE21D6FA83}.SCSDemo|Mixed Platforms.ActiveCfg = Release|Any CPU
		{8C1F2C90-6C10-4539-BBD5-06FE21D6FA83}.SCSDemo|Mixed Platforms.Build.0 = Release|Any CPU
		{8C1F2C90-6C10-4539-BBD5-06FE21D6FA83}.SCSDemo|x86.ActiveCfg = Release|Any CPU
	EndGlobalSection
	GlobalSection(SolutionProperties) = preSolution
		HideSolutionNode = FALSE
	EndGlobalSection
EndGlobal
